// !$*UTF8*$!
{
	archiveVersion = 1;
	classes = {
	};
	objectVersion = 48;
	objects = {

/* Begin PBXBuildFile section */
		DA2B32C31F73A539009386F0 /* XmlError.swift in Sources */ = {isa = PBXBuildFile; fileRef = DA2B32C21F73A539009386F0 /* XmlError.swift */; };
		DA2B32C51F73A584009386F0 /* XmlErrorFactory.swift in Sources */ = {isa = PBXBuildFile; fileRef = DA2B32C41F73A584009386F0 /* XmlErrorFactory.swift */; };
		DA2B32C91F73A71B009386F0 /* Localizable.strings in Resources */ = {isa = PBXBuildFile; fileRef = DA2B32C71F73A71B009386F0 /* Localizable.strings */; };
		DA392E551F7442AA00E40C4D /* TestElements.swift in Sources */ = {isa = PBXBuildFile; fileRef = DA392E541F7442AA00E40C4D /* TestElements.swift */; };
		DA392E571F74431E00E40C4D /* mockElements.xml in Resources */ = {isa = PBXBuildFile; fileRef = DA392E561F74431E00E40C4D /* mockElements.xml */; };
		DA392E591F74438400E40C4D /* TestLoading.swift in Sources */ = {isa = PBXBuildFile; fileRef = DA392E581F74438400E40C4D /* TestLoading.swift */; };
		DA4AB0831F731C120097339F /* XmlHero.podspec in Resources */ = {isa = PBXBuildFile; fileRef = DA4AB07D1F731C120097339F /* XmlHero.podspec */; };
		DA4AB0851F731C120097339F /* README.md in Resources */ = {isa = PBXBuildFile; fileRef = DA4AB07F1F731C120097339F /* README.md */; };
		DA4AB0861F731C120097339F /* LICENSE in Resources */ = {isa = PBXBuildFile; fileRef = DA4AB0801F731C120097339F /* LICENSE */; };
		DA7840411F73BBA000769F66 /* XmlParserDelegate.swift in Sources */ = {isa = PBXBuildFile; fileRef = DA7840401F73BBA000769F66 /* XmlParserDelegate.swift */; };
		DA7840431F73BE2F00769F66 /* XmlElement.swift in Sources */ = {isa = PBXBuildFile; fileRef = DA7840421F73BE2F00769F66 /* XmlElement.swift */; };
		DA7840451F73CAC100769F66 /* XmlParserSerialize.swift in Sources */ = {isa = PBXBuildFile; fileRef = DA7840441F73CAC100769F66 /* XmlParserSerialize.swift */; };
		DA99F88F1F76FE7B00ED1246 /* arrays.xml in Resources */ = {isa = PBXBuildFile; fileRef = DA99F88E1F76FE7B00ED1246 /* arrays.xml */; };
		DAAB0B061F7503DE0029C0D0 /* data.unknown in Resources */ = {isa = PBXBuildFile; fileRef = DAAB0B051F7503DE0029C0D0 /* data.unknown */; };
		DAAB0B081F7503F70029C0D0 /* TestDataUnknown.swift in Sources */ = {isa = PBXBuildFile; fileRef = DAAB0B071F7503F70029C0D0 /* TestDataUnknown.swift */; };
		DAAB0B0B1F750B390029C0D0 /* XmlClean.swift in Sources */ = {isa = PBXBuildFile; fileRef = DAAB0B091F750B140029C0D0 /* XmlClean.swift */; };
		DADFB35D1F757A0800DF3A47 /* XmlBuilder.swift in Sources */ = {isa = PBXBuildFile; fileRef = DADFB35C1F757A0800DF3A47 /* XmlBuilder.swift */; };
		DADFB35F1F757B9A00DF3A47 /* XmlStatus.swift in Sources */ = {isa = PBXBuildFile; fileRef = DADFB35E1F757B9A00DF3A47 /* XmlStatus.swift */; };
		DADFB3611F75813000DF3A47 /* XmlBuilderFactory.swift in Sources */ = {isa = PBXBuildFile; fileRef = DADFB3601F75813000DF3A47 /* XmlBuilderFactory.swift */; };
		DADFB3631F75945900DF3A47 /* XmlBuilderDeserialize.swift in Sources */ = {isa = PBXBuildFile; fileRef = DADFB3621F75945900DF3A47 /* XmlBuilderDeserialize.swift */; };
		DADFB3651F759F9500DF3A47 /* TestBuilding.swift in Sources */ = {isa = PBXBuildFile; fileRef = DADFB3641F759F9500DF3A47 /* TestBuilding.swift */; };
		DAE2E4F71F756B88008833EC /* XmlFactoryObject.swift in Sources */ = {isa = PBXBuildFile; fileRef = DAE2E4F61F756B88008833EC /* XmlFactoryObject.swift */; };
		DAE2E4F91F7571ED008833EC /* XmlFactoryData.swift in Sources */ = {isa = PBXBuildFile; fileRef = DAE2E4F81F7571ED008833EC /* XmlFactoryData.swift */; };
		DAF9760A1F734EA3004AF525 /* CHANGELOG.md in Resources */ = {isa = PBXBuildFile; fileRef = DAF976091F734EA3004AF525 /* CHANGELOG.md */; };
		DAF9760F1F7350BC004AF525 /* AppDelegate.swift in Sources */ = {isa = PBXBuildFile; fileRef = DAF9760E1F7350BC004AF525 /* AppDelegate.swift */; };
		DAF976111F7350F5004AF525 /* Controller.swift in Sources */ = {isa = PBXBuildFile; fileRef = DAF976101F7350F5004AF525 /* Controller.swift */; };
		DAF976131F7351CC004AF525 /* LaunchScreen.storyboard in Resources */ = {isa = PBXBuildFile; fileRef = DAF976121F7351CC004AF525 /* LaunchScreen.storyboard */; };
		DAF976151F738AED004AF525 /* View.swift in Sources */ = {isa = PBXBuildFile; fileRef = DAF976141F738AED004AF525 /* View.swift */; };
		DAF976171F738C7E004AF525 /* demo.xml in Resources */ = {isa = PBXBuildFile; fileRef = DAF976161F738C7E004AF525 /* demo.xml */; };
		DAF9761B1F739A39004AF525 /* Xml.swift in Sources */ = {isa = PBXBuildFile; fileRef = DAF9761A1F739A39004AF525 /* Xml.swift */; };
		DAF9761D1F739A7B004AF525 /* XmlParser.swift in Sources */ = {isa = PBXBuildFile; fileRef = DAF9761C1F739A7B004AF525 /* XmlParser.swift */; };
/* End PBXBuildFile section */

/* Begin PBXContainerItemProxy section */
		DA392E491F7440A700E40C4D /* PBXContainerItemProxy */ = {
			isa = PBXContainerItemProxy;
			containerPortal = DA4AB0601F731BEA0097339F /* Project object */;
			proxyType = 1;
			remoteGlobalIDString = DA4AB0671F731BEA0097339F;
			remoteInfo = XmlHero;
		};
/* End PBXContainerItemProxy section */

/* Begin PBXFileReference section */
		DA2B32C21F73A539009386F0 /* XmlError.swift */ = {isa = PBXFileReference; lastKnownFileType = sourcecode.swift; path = XmlError.swift; sourceTree = "<group>"; };
		DA2B32C41F73A584009386F0 /* XmlErrorFactory.swift */ = {isa = PBXFileReference; lastKnownFileType = sourcecode.swift; path = XmlErrorFactory.swift; sourceTree = "<group>"; };
		DA2B32C81F73A71B009386F0 /* en */ = {isa = PBXFileReference; lastKnownFileType = text.plist.strings; name = en; path = en.lproj/Localizable.strings; sourceTree = "<group>"; };
		DA392E441F7440A700E40C4D /* Tests.xctest */ = {isa = PBXFileReference; explicitFileType = wrapper.cfbundle; includeInIndex = 0; path = Tests.xctest; sourceTree = BUILT_PRODUCTS_DIR; };
		DA392E481F7440A700E40C4D /* Info.plist */ = {isa = PBXFileReference; lastKnownFileType = text.plist.xml; path = Info.plist; sourceTree = "<group>"; };
		DA392E501F74424200E40C4D /* Info.plist */ = {isa = PBXFileReference; fileEncoding = 4; lastKnownFileType = text.plist.xml; path = Info.plist; sourceTree = "<group>"; };
		DA392E541F7442AA00E40C4D /* TestElements.swift */ = {isa = PBXFileReference; lastKnownFileType = sourcecode.swift; path = TestElements.swift; sourceTree = "<group>"; };
		DA392E561F74431E00E40C4D /* mockElements.xml */ = {isa = PBXFileReference; lastKnownFileType = text.xml; path = mockElements.xml; sourceTree = "<group>"; };
		DA392E581F74438400E40C4D /* TestLoading.swift */ = {isa = PBXFileReference; lastKnownFileType = sourcecode.swift; path = TestLoading.swift; sourceTree = "<group>"; };
		DA4AB0681F731BEA0097339F /* XmlHero.app */ = {isa = PBXFileReference; explicitFileType = wrapper.application; includeInIndex = 0; path = XmlHero.app; sourceTree = BUILT_PRODUCTS_DIR; };
		DA4AB07D1F731C120097339F /* XmlHero.podspec */ = {isa = PBXFileReference; fileEncoding = 4; lastKnownFileType = text; path = XmlHero.podspec; sourceTree = "<group>"; };
		DA4AB07F1F731C120097339F /* README.md */ = {isa = PBXFileReference; fileEncoding = 4; lastKnownFileType = net.daringfireball.markdown; path = README.md; sourceTree = "<group>"; };
		DA4AB0801F731C120097339F /* LICENSE */ = {isa = PBXFileReference; fileEncoding = 4; lastKnownFileType = text; path = LICENSE; sourceTree = "<group>"; };
		DA7840401F73BBA000769F66 /* XmlParserDelegate.swift */ = {isa = PBXFileReference; lastKnownFileType = sourcecode.swift; path = XmlParserDelegate.swift; sourceTree = "<group>"; };
		DA7840421F73BE2F00769F66 /* XmlElement.swift */ = {isa = PBXFileReference; lastKnownFileType = sourcecode.swift; path = XmlElement.swift; sourceTree = "<group>"; };
		DA7840441F73CAC100769F66 /* XmlParserSerialize.swift */ = {isa = PBXFileReference; lastKnownFileType = sourcecode.swift; path = XmlParserSerialize.swift; sourceTree = "<group>"; };
		DA99F88E1F76FE7B00ED1246 /* arrays.xml */ = {isa = PBXFileReference; lastKnownFileType = text.xml; path = arrays.xml; sourceTree = "<group>"; };
		DAAB0B051F7503DE0029C0D0 /* data.unknown */ = {isa = PBXFileReference; lastKnownFileType = file; path = data.unknown; sourceTree = "<group>"; };
		DAAB0B071F7503F70029C0D0 /* TestDataUnknown.swift */ = {isa = PBXFileReference; lastKnownFileType = sourcecode.swift; path = TestDataUnknown.swift; sourceTree = "<group>"; };
		DAAB0B091F750B140029C0D0 /* XmlClean.swift */ = {isa = PBXFileReference; lastKnownFileType = sourcecode.swift; path = XmlClean.swift; sourceTree = "<group>"; };
		DADFB35C1F757A0800DF3A47 /* XmlBuilder.swift */ = {isa = PBXFileReference; lastKnownFileType = sourcecode.swift; path = XmlBuilder.swift; sourceTree = "<group>"; };
		DADFB35E1F757B9A00DF3A47 /* XmlStatus.swift */ = {isa = PBXFileReference; lastKnownFileType = sourcecode.swift; path = XmlStatus.swift; sourceTree = "<group>"; };
		DADFB3601F75813000DF3A47 /* XmlBuilderFactory.swift */ = {isa = PBXFileReference; lastKnownFileType = sourcecode.swift; path = XmlBuilderFactory.swift; sourceTree = "<group>"; };
		DADFB3621F75945900DF3A47 /* XmlBuilderDeserialize.swift */ = {isa = PBXFileReference; lastKnownFileType = sourcecode.swift; path = XmlBuilderDeserialize.swift; sourceTree = "<group>"; };
		DADFB3641F759F9500DF3A47 /* TestBuilding.swift */ = {isa = PBXFileReference; lastKnownFileType = sourcecode.swift; path = TestBuilding.swift; sourceTree = "<group>"; };
		DAE2E4F61F756B88008833EC /* XmlFactoryObject.swift */ = {isa = PBXFileReference; lastKnownFileType = sourcecode.swift; path = XmlFactoryObject.swift; sourceTree = "<group>"; };
		DAE2E4F81F7571ED008833EC /* XmlFactoryData.swift */ = {isa = PBXFileReference; lastKnownFileType = sourcecode.swift; path = XmlFactoryData.swift; sourceTree = "<group>"; };
		DAF976091F734EA3004AF525 /* CHANGELOG.md */ = {isa = PBXFileReference; lastKnownFileType = net.daringfireball.markdown; path = CHANGELOG.md; sourceTree = "<group>"; };
		DAF9760E1F7350BC004AF525 /* AppDelegate.swift */ = {isa = PBXFileReference; lastKnownFileType = sourcecode.swift; path = AppDelegate.swift; sourceTree = "<group>"; };
		DAF976101F7350F5004AF525 /* Controller.swift */ = {isa = PBXFileReference; lastKnownFileType = sourcecode.swift; path = Controller.swift; sourceTree = "<group>"; };
		DAF976121F7351CC004AF525 /* LaunchScreen.storyboard */ = {isa = PBXFileReference; lastKnownFileType = file.storyboard; path = LaunchScreen.storyboard; sourceTree = "<group>"; };
		DAF976141F738AED004AF525 /* View.swift */ = {isa = PBXFileReference; lastKnownFileType = sourcecode.swift; path = View.swift; sourceTree = "<group>"; };
		DAF976161F738C7E004AF525 /* demo.xml */ = {isa = PBXFileReference; lastKnownFileType = text.xml; path = demo.xml; sourceTree = "<group>"; };
		DAF9761A1F739A39004AF525 /* Xml.swift */ = {isa = PBXFileReference; lastKnownFileType = sourcecode.swift; path = Xml.swift; sourceTree = "<group>"; };
		DAF9761C1F739A7B004AF525 /* XmlParser.swift */ = {isa = PBXFileReference; lastKnownFileType = sourcecode.swift; path = XmlParser.swift; sourceTree = "<group>"; };
/* End PBXFileReference section */

/* Begin PBXFrameworksBuildPhase section */
		DA392E411F7440A700E40C4D /* Frameworks */ = {
			isa = PBXFrameworksBuildPhase;
			buildActionMask = 2147483647;
			files = (
			);
			runOnlyForDeploymentPostprocessing = 0;
		};
		DA4AB0651F731BEA0097339F /* Frameworks */ = {
			isa = PBXFrameworksBuildPhase;
			buildActionMask = 2147483647;
			files = (
			);
			runOnlyForDeploymentPostprocessing = 0;
		};
/* End PBXFrameworksBuildPhase section */

/* Begin PBXGroup section */
		DA2B32C61F73A71B009386F0 /* Resources */ = {
			isa = PBXGroup;
			children = (
				DA2B32C71F73A71B009386F0 /* Localizable.strings */,
			);
			path = Resources;
			sourceTree = "<group>";
		};
		DA392E451F7440A700E40C4D /* Tests */ = {
			isa = PBXGroup;
			children = (
				DA392E531F74426700E40C4D /* Mocks */,
				DA392E521F74426700E40C4D /* Tests */,
				DA392E481F7440A700E40C4D /* Info.plist */,
			);
			path = Tests;
			sourceTree = "<group>";
		};
		DA392E521F74426700E40C4D /* Tests */ = {
			isa = PBXGroup;
			children = (
				DA392E581F74438400E40C4D /* TestLoading.swift */,
				DA392E541F7442AA00E40C4D /* TestElements.swift */,
				DAAB0B071F7503F70029C0D0 /* TestDataUnknown.swift */,
				DADFB3641F759F9500DF3A47 /* TestBuilding.swift */,
			);
			path = Tests;
			sourceTree = "<group>";
		};
		DA392E531F74426700E40C4D /* Mocks */ = {
			isa = PBXGroup;
			children = (
				DAAB0B051F7503DE0029C0D0 /* data.unknown */,
				DA392E561F74431E00E40C4D /* mockElements.xml */,
				DA99F88E1F76FE7B00ED1246 /* arrays.xml */,
			);
			path = Mocks;
			sourceTree = "<group>";
		};
		DA4AB05F1F731BEA0097339F = {
			isa = PBXGroup;
			children = (
				DA4AB0811F731C120097339F /* Demo */,
				DA4AB0821F731C120097339F /* Source */,
				DA2B32C61F73A71B009386F0 /* Resources */,
				DA4AB0801F731C120097339F /* LICENSE */,
				DAF976091F734EA3004AF525 /* CHANGELOG.md */,
				DA4AB07F1F731C120097339F /* README.md */,
				DA4AB07D1F731C120097339F /* XmlHero.podspec */,
				DA392E451F7440A700E40C4D /* Tests */,
				DA4AB0691F731BEA0097339F /* Products */,
			);
			sourceTree = "<group>";
		};
		DA4AB0691F731BEA0097339F /* Products */ = {
			isa = PBXGroup;
			children = (
				DA4AB0681F731BEA0097339F /* XmlHero.app */,
				DA392E441F7440A700E40C4D /* Tests.xctest */,
			);
			name = Products;
			sourceTree = "<group>";
		};
		DA4AB0811F731C120097339F /* Demo */ = {
			isa = PBXGroup;
			children = (
				DA392E501F74424200E40C4D /* Info.plist */,
				DAF9760D1F7350AE004AF525 /* Controller */,
				DAF9760C1F7350AE004AF525 /* Resources */,
				DAF9760B1F7350AE004AF525 /* View */,
			);
			path = Demo;
			sourceTree = "<group>";
		};
		DA4AB0821F731C120097339F /* Source */ = {
			isa = PBXGroup;
			children = (
				DAF9761A1F739A39004AF525 /* Xml.swift */,
				DAE2E4F61F756B88008833EC /* XmlFactoryObject.swift */,
				DAE2E4F81F7571ED008833EC /* XmlFactoryData.swift */,
				DAAB0B091F750B140029C0D0 /* XmlClean.swift */,
				DADFB35E1F757B9A00DF3A47 /* XmlStatus.swift */,
				DAF9761C1F739A7B004AF525 /* XmlParser.swift */,
				DA7840401F73BBA000769F66 /* XmlParserDelegate.swift */,
				DA7840441F73CAC100769F66 /* XmlParserSerialize.swift */,
				DADFB35C1F757A0800DF3A47 /* XmlBuilder.swift */,
				DADFB3601F75813000DF3A47 /* XmlBuilderFactory.swift */,
				DADFB3621F75945900DF3A47 /* XmlBuilderDeserialize.swift */,
				DA2B32C21F73A539009386F0 /* XmlError.swift */,
				DA2B32C41F73A584009386F0 /* XmlErrorFactory.swift */,
				DA7840421F73BE2F00769F66 /* XmlElement.swift */,
			);
			path = Source;
			sourceTree = "<group>";
		};
		DAF9760B1F7350AE004AF525 /* View */ = {
			isa = PBXGroup;
			children = (
				DAF976141F738AED004AF525 /* View.swift */,
			);
			path = View;
			sourceTree = "<group>";
		};
		DAF9760C1F7350AE004AF525 /* Resources */ = {
			isa = PBXGroup;
			children = (
				DAF976121F7351CC004AF525 /* LaunchScreen.storyboard */,
				DAF976161F738C7E004AF525 /* demo.xml */,
			);
			path = Resources;
			sourceTree = "<group>";
		};
		DAF9760D1F7350AE004AF525 /* Controller */ = {
			isa = PBXGroup;
			children = (
				DAF9760E1F7350BC004AF525 /* AppDelegate.swift */,
				DAF976101F7350F5004AF525 /* Controller.swift */,
			);
			path = Controller;
			sourceTree = "<group>";
		};
/* End PBXGroup section */

/* Begin PBXNativeTarget section */
		DA392E431F7440A700E40C4D /* Tests */ = {
			isa = PBXNativeTarget;
			buildConfigurationList = DA392E4D1F7440A700E40C4D /* Build configuration list for PBXNativeTarget "Tests" */;
			buildPhases = (
				DA392E401F7440A700E40C4D /* Sources */,
				DA392E411F7440A700E40C4D /* Frameworks */,
				DA392E421F7440A700E40C4D /* Resources */,
			);
			buildRules = (
			);
			dependencies = (
				DA392E4A1F7440A700E40C4D /* PBXTargetDependency */,
			);
			name = Tests;
			productName = Tests;
			productReference = DA392E441F7440A700E40C4D /* Tests.xctest */;
			productType = "com.apple.product-type.bundle.unit-test";
		};
		DA4AB0671F731BEA0097339F /* XmlHero */ = {
			isa = PBXNativeTarget;
			buildConfigurationList = DA4AB07A1F731BEA0097339F /* Build configuration list for PBXNativeTarget "XmlHero" */;
			buildPhases = (
				DA4AB0641F731BEA0097339F /* Sources */,
				DA4AB0651F731BEA0097339F /* Frameworks */,
				DA4AB0661F731BEA0097339F /* Resources */,
			);
			buildRules = (
			);
			dependencies = (
			);
			name = XmlHero;
			productName = XmlHero;
			productReference = DA4AB0681F731BEA0097339F /* XmlHero.app */;
			productType = "com.apple.product-type.application";
		};
/* End PBXNativeTarget section */

/* Begin PBXProject section */
		DA4AB0601F731BEA0097339F /* Project object */ = {
			isa = PBXProject;
			attributes = {
				LastSwiftUpdateCheck = 0900;
				LastUpgradeCheck = 0900;
				ORGANIZATIONNAME = iturbide;
				TargetAttributes = {
					DA392E431F7440A700E40C4D = {
						CreatedOnToolsVersion = 9.0;
						LastSwiftMigration = 0900;
						ProvisioningStyle = Automatic;
						TestTargetID = DA4AB0671F731BEA0097339F;
					};
					DA4AB0671F731BEA0097339F = {
						CreatedOnToolsVersion = 9.0;
						LastSwiftMigration = 0900;
						ProvisioningStyle = Automatic;
					};
				};
			};
			buildConfigurationList = DA4AB0631F731BEA0097339F /* Build configuration list for PBXProject "XmlHero" */;
			compatibilityVersion = "Xcode 8.0";
			developmentRegion = en;
			hasScannedForEncodings = 0;
			knownRegions = (
				en,
			);
			mainGroup = DA4AB05F1F731BEA0097339F;
			productRefGroup = DA4AB0691F731BEA0097339F /* Products */;
			projectDirPath = "";
			projectRoot = "";
			targets = (
				DA4AB0671F731BEA0097339F /* XmlHero */,
				DA392E431F7440A700E40C4D /* Tests */,
			);
		};
/* End PBXProject section */

/* Begin PBXResourcesBuildPhase section */
		DA392E421F7440A700E40C4D /* Resources */ = {
			isa = PBXResourcesBuildPhase;
			buildActionMask = 2147483647;
			files = (
				DAAB0B061F7503DE0029C0D0 /* data.unknown in Resources */,
				DA392E571F74431E00E40C4D /* mockElements.xml in Resources */,
				DA99F88F1F76FE7B00ED1246 /* arrays.xml in Resources */,
			);
			runOnlyForDeploymentPostprocessing = 0;
		};
		DA4AB0661F731BEA0097339F /* Resources */ = {
			isa = PBXResourcesBuildPhase;
			buildActionMask = 2147483647;
			files = (
				DAF976171F738C7E004AF525 /* demo.xml in Resources */,
				DA4AB0851F731C120097339F /* README.md in Resources */,
				DAF9760A1F734EA3004AF525 /* CHANGELOG.md in Resources */,
				DA2B32C91F73A71B009386F0 /* Localizable.strings in Resources */,
				DA4AB0861F731C120097339F /* LICENSE in Resources */,
				DAF976131F7351CC004AF525 /* LaunchScreen.storyboard in Resources */,
				DA4AB0831F731C120097339F /* XmlHero.podspec in Resources */,
			);
			runOnlyForDeploymentPostprocessing = 0;
		};
/* End PBXResourcesBuildPhase section */

/* Begin PBXSourcesBuildPhase section */
		DA392E401F7440A700E40C4D /* Sources */ = {
			isa = PBXSourcesBuildPhase;
			buildActionMask = 2147483647;
			files = (
				DAAB0B081F7503F70029C0D0 /* TestDataUnknown.swift in Sources */,
				DA392E591F74438400E40C4D /* TestLoading.swift in Sources */,
				DA392E551F7442AA00E40C4D /* TestElements.swift in Sources */,
				DADFB3651F759F9500DF3A47 /* TestBuilding.swift in Sources */,
			);
			runOnlyForDeploymentPostprocessing = 0;
		};
		DA4AB0641F731BEA0097339F /* Sources */ = {
			isa = PBXSourcesBuildPhase;
			buildActionMask = 2147483647;
			files = (
				DA7840411F73BBA000769F66 /* XmlParserDelegate.swift in Sources */,
				DA2B32C31F73A539009386F0 /* XmlError.swift in Sources */,
				DADFB3611F75813000DF3A47 /* XmlBuilderFactory.swift in Sources */,
				DAF9761D1F739A7B004AF525 /* XmlParser.swift in Sources */,
				DAAB0B0B1F750B390029C0D0 /* XmlClean.swift in Sources */,
				DADFB35D1F757A0800DF3A47 /* XmlBuilder.swift in Sources */,
				DA7840431F73BE2F00769F66 /* XmlElement.swift in Sources */,
				DADFB3631F75945900DF3A47 /* XmlBuilderDeserialize.swift in Sources */,
				DAE2E4F71F756B88008833EC /* XmlFactoryObject.swift in Sources */,
				DAF9760F1F7350BC004AF525 /* AppDelegate.swift in Sources */,
				DAF9761B1F739A39004AF525 /* Xml.swift in Sources */,
				DA2B32C51F73A584009386F0 /* XmlErrorFactory.swift in Sources */,
				DADFB35F1F757B9A00DF3A47 /* XmlStatus.swift in Sources */,
				DAE2E4F91F7571ED008833EC /* XmlFactoryData.swift in Sources */,
				DAF976111F7350F5004AF525 /* Controller.swift in Sources */,
				DA7840451F73CAC100769F66 /* XmlParserSerialize.swift in Sources */,
				DAF976151F738AED004AF525 /* View.swift in Sources */,
			);
			runOnlyForDeploymentPostprocessing = 0;
		};
/* End PBXSourcesBuildPhase section */

/* Begin PBXTargetDependency section */
		DA392E4A1F7440A700E40C4D /* PBXTargetDependency */ = {
			isa = PBXTargetDependency;
			target = DA4AB0671F731BEA0097339F /* XmlHero */;
			targetProxy = DA392E491F7440A700E40C4D /* PBXContainerItemProxy */;
		};
/* End PBXTargetDependency section */

/* Begin PBXVariantGroup section */
		DA2B32C71F73A71B009386F0 /* Localizable.strings */ = {
			isa = PBXVariantGroup;
			children = (
				DA2B32C81F73A71B009386F0 /* en */,
			);
			name = Localizable.strings;
			sourceTree = "<group>";
		};
/* End PBXVariantGroup section */

/* Begin XCBuildConfiguration section */
		DA392E4B1F7440A700E40C4D /* Debug */ = {
			isa = XCBuildConfiguration;
			buildSettings = {
				BUNDLE_LOADER = "$(TEST_HOST)";
				CLANG_ENABLE_MODULES = NO;
				CODE_SIGN_STYLE = Automatic;
				DEVELOPMENT_TEAM = 7AMWG3RLHN;
				INFOPLIST_FILE = Tests/Info.plist;
				IPHONEOS_DEPLOYMENT_TARGET = 11.0;
				LD_RUNPATH_SEARCH_PATHS = "$(inherited) @executable_path/Frameworks @loader_path/Frameworks";
				PRODUCT_BUNDLE_IDENTIFIER = iturbide.Tests;
				PRODUCT_NAME = "$(TARGET_NAME)";
				SWIFT_OPTIMIZATION_LEVEL = "-Onone";
				SWIFT_VERSION = 4.0;
				TARGETED_DEVICE_FAMILY = "1,2";
				TEST_HOST = "$(BUILT_PRODUCTS_DIR)/XmlHero.app/XmlHero";
			};
			name = Debug;
		};
		DA392E4C1F7440A700E40C4D /* Release */ = {
			isa = XCBuildConfiguration;
			buildSettings = {
				BUNDLE_LOADER = "$(TEST_HOST)";
				CLANG_ENABLE_MODULES = NO;
				CODE_SIGN_STYLE = Automatic;
				DEVELOPMENT_TEAM = 7AMWG3RLHN;
				INFOPLIST_FILE = Tests/Info.plist;
				IPHONEOS_DEPLOYMENT_TARGET = 11.0;
				LD_RUNPATH_SEARCH_PATHS = "$(inherited) @executable_path/Frameworks @loader_path/Frameworks";
				PRODUCT_BUNDLE_IDENTIFIER = iturbide.Tests;
				PRODUCT_NAME = "$(TARGET_NAME)";
				SWIFT_VERSION = 4.0;
				TARGETED_DEVICE_FAMILY = "1,2";
				TEST_HOST = "$(BUILT_PRODUCTS_DIR)/XmlHero.app/XmlHero";
			};
			name = Release;
		};
		DA4AB0781F731BEA0097339F /* Debug */ = {
			isa = XCBuildConfiguration;
			buildSettings = {
				ALWAYS_SEARCH_USER_PATHS = NO;
				CLANG_ANALYZER_NONNULL = YES;
				CLANG_ANALYZER_NUMBER_OBJECT_CONVERSION = YES_AGGRESSIVE;
				CLANG_CXX_LANGUAGE_STANDARD = "gnu++14";
				CLANG_CXX_LIBRARY = "libc++";
				CLANG_ENABLE_MODULES = NO;
				CLANG_ENABLE_OBJC_ARC = YES;
				CLANG_MODULES_AUTOLINK = NO;
				CLANG_WARN_BLOCK_CAPTURE_AUTORELEASING = YES;
				CLANG_WARN_BOOL_CONVERSION = YES;
				CLANG_WARN_COMMA = YES;
				CLANG_WARN_CONSTANT_CONVERSION = YES;
				CLANG_WARN_DIRECT_OBJC_ISA_USAGE = YES_ERROR;
				CLANG_WARN_DOCUMENTATION_COMMENTS = YES;
				CLANG_WARN_EMPTY_BODY = YES;
				CLANG_WARN_ENUM_CONVERSION = YES;
				CLANG_WARN_INFINITE_RECURSION = YES;
				CLANG_WARN_INT_CONVERSION = YES;
				CLANG_WARN_NON_LITERAL_NULL_CONVERSION = YES;
				CLANG_WARN_OBJC_LITERAL_CONVERSION = YES;
				CLANG_WARN_OBJC_ROOT_CLASS = YES_ERROR;
				CLANG_WARN_RANGE_LOOP_ANALYSIS = YES;
				CLANG_WARN_STRICT_PROTOTYPES = YES;
				CLANG_WARN_SUSPICIOUS_MOVE = YES;
				CLANG_WARN_UNGUARDED_AVAILABILITY = YES_AGGRESSIVE;
				CLANG_WARN_UNREACHABLE_CODE = YES;
				CLANG_WARN__DUPLICATE_METHOD_MATCH = YES;
				CODE_SIGN_IDENTITY = "iPhone Developer";
				COPY_PHASE_STRIP = NO;
				DEBUG_INFORMATION_FORMAT = dwarf;
				ENABLE_STRICT_OBJC_MSGSEND = YES;
				ENABLE_TESTABILITY = YES;
				GCC_C_LANGUAGE_STANDARD = gnu11;
				GCC_DYNAMIC_NO_PIC = NO;
				GCC_NO_COMMON_BLOCKS = YES;
				GCC_OPTIMIZATION_LEVEL = 0;
				GCC_PREPROCESSOR_DEFINITIONS = (
					"DEBUG=1",
					"$(inherited)",
				);
				GCC_WARN_64_TO_32_BIT_CONVERSION = YES;
				GCC_WARN_ABOUT_RETURN_TYPE = YES_ERROR;
				GCC_WARN_UNDECLARED_SELECTOR = YES;
				GCC_WARN_UNINITIALIZED_AUTOS = YES_AGGRESSIVE;
				GCC_WARN_UNUSED_FUNCTION = YES;
				GCC_WARN_UNUSED_VARIABLE = YES;
				IPHONEOS_DEPLOYMENT_TARGET = 9.0;
				MTL_ENABLE_DEBUG_INFO = YES;
				ONLY_ACTIVE_ARCH = YES;
				SDKROOT = iphoneos;
				SWIFT_ACTIVE_COMPILATION_CONDITIONS = DEBUG;
				SWIFT_INSTALL_OBJC_HEADER = NO;
				SWIFT_OPTIMIZATION_LEVEL = "-Onone";
				SWIFT_PRECOMPILE_BRIDGING_HEADER = NO;
				SWIFT_VERSION = 4.0;
			};
			name = Debug;
		};
		DA4AB0791F731BEA0097339F /* Release */ = {
			isa = XCBuildConfiguration;
			buildSettings = {
				ALWAYS_SEARCH_USER_PATHS = NO;
				CLANG_ANALYZER_NONNULL = YES;
				CLANG_ANALYZER_NUMBER_OBJECT_CONVERSION = YES_AGGRESSIVE;
				CLANG_CXX_LANGUAGE_STANDARD = "gnu++14";
				CLANG_CXX_LIBRARY = "libc++";
				CLANG_ENABLE_MODULES = NO;
				CLANG_ENABLE_OBJC_ARC = YES;
				CLANG_MODULES_AUTOLINK = NO;
				CLANG_WARN_BLOCK_CAPTURE_AUTORELEASING = YES;
				CLANG_WARN_BOOL_CONVERSION = YES;
				CLANG_WARN_COMMA = YES;
				CLANG_WARN_CONSTANT_CONVERSION = YES;
				CLANG_WARN_DIRECT_OBJC_ISA_USAGE = YES_ERROR;
				CLANG_WARN_DOCUMENTATION_COMMENTS = YES;
				CLANG_WARN_EMPTY_BODY = YES;
				CLANG_WARN_ENUM_CONVERSION = YES;
				CLANG_WARN_INFINITE_RECURSION = YES;
				CLANG_WARN_INT_CONVERSION = YES;
				CLANG_WARN_NON_LITERAL_NULL_CONVERSION = YES;
				CLANG_WARN_OBJC_LITERAL_CONVERSION = YES;
				CLANG_WARN_OBJC_ROOT_CLASS = YES_ERROR;
				CLANG_WARN_RANGE_LOOP_ANALYSIS = YES;
				CLANG_WARN_STRICT_PROTOTYPES = YES;
				CLANG_WARN_SUSPICIOUS_MOVE = YES;
				CLANG_WARN_UNGUARDED_AVAILABILITY = YES_AGGRESSIVE;
				CLANG_WARN_UNREACHABLE_CODE = YES;
				CLANG_WARN__DUPLICATE_METHOD_MATCH = YES;
				CODE_SIGN_IDENTITY = "iPhone Developer";
				COPY_PHASE_STRIP = NO;
				DEBUG_INFORMATION_FORMAT = "dwarf-with-dsym";
				ENABLE_NS_ASSERTIONS = NO;
				ENABLE_STRICT_OBJC_MSGSEND = YES;
				GCC_C_LANGUAGE_STANDARD = gnu11;
				GCC_NO_COMMON_BLOCKS = YES;
				GCC_WARN_64_TO_32_BIT_CONVERSION = YES;
				GCC_WARN_ABOUT_RETURN_TYPE = YES_ERROR;
				GCC_WARN_UNDECLARED_SELECTOR = YES;
				GCC_WARN_UNINITIALIZED_AUTOS = YES_AGGRESSIVE;
				GCC_WARN_UNUSED_FUNCTION = YES;
				GCC_WARN_UNUSED_VARIABLE = YES;
				IPHONEOS_DEPLOYMENT_TARGET = 9.0;
				MTL_ENABLE_DEBUG_INFO = NO;
				SDKROOT = iphoneos;
				SWIFT_INSTALL_OBJC_HEADER = NO;
				SWIFT_OPTIMIZATION_LEVEL = "-Owholemodule";
				SWIFT_PRECOMPILE_BRIDGING_HEADER = NO;
				SWIFT_VERSION = 4.0;
				VALIDATE_PRODUCT = YES;
			};
			name = Release;
		};
		DA4AB07B1F731BEA0097339F /* Debug */ = {
			isa = XCBuildConfiguration;
			buildSettings = {
				CLANG_ENABLE_MODULES = NO;
				CLANG_MODULES_AUTOLINK = NO;
				CODE_SIGN_STYLE = Automatic;
				DEVELOPMENT_TEAM = 7AMWG3RLHN;
				INFOPLIST_FILE = "$(SRCROOT)/Demo/Info.plist";
				LD_RUNPATH_SEARCH_PATHS = "$(inherited) @executable_path/Frameworks";
				PRODUCT_BUNDLE_IDENTIFIER = "iturbide.-";
				PRODUCT_NAME = "$(TARGET_NAME)";
				SWIFT_OPTIMIZATION_LEVEL = "-Onone";
				SWIFT_VERSION = 4.0;
				TARGETED_DEVICE_FAMILY = "1,2";
			};
			name = Debug;
		};
		DA4AB07C1F731BEA0097339F /* Release */ = {
			isa = XCBuildConfiguration;
			buildSettings = {
				CLANG_ENABLE_MODULES = NO;
				CLANG_MODULES_AUTOLINK = NO;
				CODE_SIGN_STYLE = Automatic;
				DEVELOPMENT_TEAM = 7AMWG3RLHN;
				INFOPLIST_FILE = "$(SRCROOT)/Demo/Info.plist";
				LD_RUNPATH_SEARCH_PATHS = "$(inherited) @executable_path/Frameworks";
				PRODUCT_BUNDLE_IDENTIFIER = "iturbide.-";
				PRODUCT_NAME = "$(TARGET_NAME)";
				SWIFT_VERSION = 4.0;
				TARGETED_DEVICE_FAMILY = "1,2";
			};
			name = Release;
		};
/* End XCBuildConfiguration section */

/* Begin XCConfigurationList section */
		DA392E4D1F7440A700E40C4D /* Build configuration list for PBXNativeTarget "Tests" */ = {
			isa = XCConfigurationList;
			buildConfigurations = (
				DA392E4B1F7440A700E40C4D /* Debug */,
				DA392E4C1F7440A700E40C4D /* Release */,
			);
			defaultConfigurationIsVisible = 0;
			defaultConfigurationName = Release;
		};
		DA4AB0631F731BEA0097339F /* Build configuration list for PBXProject "XmlHero" */ = {
			isa = XCConfigurationList;
			buildConfigurations = (
				DA4AB0781F731BEA0097339F /* Debug */,
				DA4AB0791F731BEA0097339F /* Release */,
			);
			defaultConfigurationIsVisible = 0;
			defaultConfigurationName = Release;
		};
		DA4AB07A1F731BEA0097339F /* Build configuration list for PBXNativeTarget "XmlHero" */ = {
			isa = XCConfigurationList;
			buildConfigurations = (
				DA4AB07B1F731BEA0097339F /* Debug */,
				DA4AB07C1F731BEA0097339F /* Release */,
			);
			defaultConfigurationIsVisible = 0;
			defaultConfigurationName = Release;
		};
/* End XCConfigurationList section */
	};
	rootObject = DA4AB0601F731BEA0097339F /* Project object */;
}
