// !$*UTF8*$!
{
	archiveVersion = 1;
	classes = {
	};
	objectVersion = 48;
	objects = {

/* Begin PBXBuildFile section */
		DA4AB0831F731C120097339F /* XmlHero.podspec in Resources */ = {isa = PBXBuildFile; fileRef = DA4AB07D1F731C120097339F /* XmlHero.podspec */; };
		DA4AB0851F731C120097339F /* README.md in Resources */ = {isa = PBXBuildFile; fileRef = DA4AB07F1F731C120097339F /* README.md */; };
		DA4AB0861F731C120097339F /* LICENSE in Resources */ = {isa = PBXBuildFile; fileRef = DA4AB0801F731C120097339F /* LICENSE */; };
		DAF9760A1F734EA3004AF525 /* CHANGELOG.md in Resources */ = {isa = PBXBuildFile; fileRef = DAF976091F734EA3004AF525 /* CHANGELOG.md */; };
		DAF9760F1F7350BC004AF525 /* AppDelegate.swift in Sources */ = {isa = PBXBuildFile; fileRef = DAF9760E1F7350BC004AF525 /* AppDelegate.swift */; };
		DAF976111F7350F5004AF525 /* Controller.swift in Sources */ = {isa = PBXBuildFile; fileRef = DAF976101F7350F5004AF525 /* Controller.swift */; };
		DAF976131F7351CC004AF525 /* LaunchScreen.storyboard in Resources */ = {isa = PBXBuildFile; fileRef = DAF976121F7351CC004AF525 /* LaunchScreen.storyboard */; };
/* End PBXBuildFile section */

/* Begin PBXFileReference section */
		DA4AB0681F731BEA0097339F /* XmlHero.app */ = {isa = PBXFileReference; explicitFileType = wrapper.application; includeInIndex = 0; path = XmlHero.app; sourceTree = BUILT_PRODUCTS_DIR; };
		DA4AB07D1F731C120097339F /* XmlHero.podspec */ = {isa = PBXFileReference; fileEncoding = 4; lastKnownFileType = text; path = XmlHero.podspec; sourceTree = "<group>"; };
		DA4AB07E1F731C120097339F /* Info.plist */ = {isa = PBXFileReference; fileEncoding = 4; lastKnownFileType = text.plist.xml; path = Info.plist; sourceTree = "<group>"; };
		DA4AB07F1F731C120097339F /* README.md */ = {isa = PBXFileReference; fileEncoding = 4; lastKnownFileType = net.daringfireball.markdown; path = README.md; sourceTree = "<group>"; };
		DA4AB0801F731C120097339F /* LICENSE */ = {isa = PBXFileReference; fileEncoding = 4; lastKnownFileType = text; path = LICENSE; sourceTree = "<group>"; };
		DAF976091F734EA3004AF525 /* CHANGELOG.md */ = {isa = PBXFileReference; lastKnownFileType = net.daringfireball.markdown; path = CHANGELOG.md; sourceTree = "<group>"; };
		DAF9760E1F7350BC004AF525 /* AppDelegate.swift */ = {isa = PBXFileReference; lastKnownFileType = sourcecode.swift; path = AppDelegate.swift; sourceTree = "<group>"; };
		DAF976101F7350F5004AF525 /* Controller.swift */ = {isa = PBXFileReference; lastKnownFileType = sourcecode.swift; path = Controller.swift; sourceTree = "<group>"; };
		DAF976121F7351CC004AF525 /* LaunchScreen.storyboard */ = {isa = PBXFileReference; lastKnownFileType = file.storyboard; path = LaunchScreen.storyboard; sourceTree = "<group>"; };
/* End PBXFileReference section */

/* Begin PBXFrameworksBuildPhase section */
		DA4AB0651F731BEA0097339F /* Frameworks */ = {
			isa = PBXFrameworksBuildPhase;
			buildActionMask = 2147483647;
			files = (
			);
			runOnlyForDeploymentPostprocessing = 0;
		};
/* End PBXFrameworksBuildPhase section */

/* Begin PBXGroup section */
		DA4AB05F1F731BEA0097339F = {
			isa = PBXGroup;
			children = (
				DA4AB0811F731C120097339F /* Demo */,
				DA4AB0821F731C120097339F /* Source */,
				DA4AB07E1F731C120097339F /* Info.plist */,
				DA4AB0801F731C120097339F /* LICENSE */,
				DAF976091F734EA3004AF525 /* CHANGELOG.md */,
				DA4AB07F1F731C120097339F /* README.md */,
				DA4AB07D1F731C120097339F /* XmlHero.podspec */,
				DA4AB0691F731BEA0097339F /* Products */,
			);
			sourceTree = "<group>";
		};
		DA4AB0691F731BEA0097339F /* Products */ = {
			isa = PBXGroup;
			children = (
				DA4AB0681F731BEA0097339F /* XmlHero.app */,
			);
			name = Products;
			sourceTree = "<group>";
		};
		DA4AB0811F731C120097339F /* Demo */ = {
			isa = PBXGroup;
			children = (
				DAF9760D1F7350AE004AF525 /* Controller */,
				DAF9760C1F7350AE004AF525 /* Resources */,
				DAF9760B1F7350AE004AF525 /* View */,
			);
			path = Demo;
			sourceTree = "<group>";
		};
		DA4AB0821F731C120097339F /* Source */ = {
			isa = PBXGroup;
			children = (
			);
			path = Source;
			sourceTree = "<group>";
		};
		DAF9760B1F7350AE004AF525 /* View */ = {
			isa = PBXGroup;
			children = (
			);
			path = View;
			sourceTree = "<group>";
		};
		DAF9760C1F7350AE004AF525 /* Resources */ = {
			isa = PBXGroup;
			children = (
				DAF976121F7351CC004AF525 /* LaunchScreen.storyboard */,
			);
			path = Resources;
			sourceTree = "<group>";
		};
		DAF9760D1F7350AE004AF525 /* Controller */ = {
			isa = PBXGroup;
			children = (
				DAF9760E1F7350BC004AF525 /* AppDelegate.swift */,
				DAF976101F7350F5004AF525 /* Controller.swift */,
			);
			path = Controller;
			sourceTree = "<group>";
		};
/* End PBXGroup section */

/* Begin PBXNativeTarget section */
		DA4AB0671F731BEA0097339F /* XmlHero */ = {
			isa = PBXNativeTarget;
			buildConfigurationList = DA4AB07A1F731BEA0097339F /* Build configuration list for PBXNativeTarget "XmlHero" */;
			buildPhases = (
				DA4AB0641F731BEA0097339F /* Sources */,
				DA4AB0651F731BEA0097339F /* Frameworks */,
				DA4AB0661F731BEA0097339F /* Resources */,
			);
			buildRules = (
			);
			dependencies = (
			);
			name = XmlHero;
			productName = XmlHero;
			productReference = DA4AB0681F731BEA0097339F /* XmlHero.app */;
			productType = "com.apple.product-type.application";
		};
/* End PBXNativeTarget section */

/* Begin PBXProject section */
		DA4AB0601F731BEA0097339F /* Project object */ = {
			isa = PBXProject;
			attributes = {
				LastSwiftUpdateCheck = 0900;
				LastUpgradeCheck = 0900;
				ORGANIZATIONNAME = iturbide;
				TargetAttributes = {
					DA4AB0671F731BEA0097339F = {
						CreatedOnToolsVersion = 9.0;
						LastSwiftMigration = 0900;
						ProvisioningStyle = Automatic;
					};
				};
			};
			buildConfigurationList = DA4AB0631F731BEA0097339F /* Build configuration list for PBXProject "XmlHero" */;
			compatibilityVersion = "Xcode 8.0";
			developmentRegion = en;
			hasScannedForEncodings = 0;
			knownRegions = (
				en,
			);
			mainGroup = DA4AB05F1F731BEA0097339F;
			productRefGroup = DA4AB0691F731BEA0097339F /* Products */;
			projectDirPath = "";
			projectRoot = "";
			targets = (
				DA4AB0671F731BEA0097339F /* XmlHero */,
			);
		};
/* End PBXProject section */

/* Begin PBXResourcesBuildPhase section */
		DA4AB0661F731BEA0097339F /* Resources */ = {
			isa = PBXResourcesBuildPhase;
			buildActionMask = 2147483647;
			files = (
				DA4AB0851F731C120097339F /* README.md in Resources */,
				DAF9760A1F734EA3004AF525 /* CHANGELOG.md in Resources */,
				DA4AB0861F731C120097339F /* LICENSE in Resources */,
				DAF976131F7351CC004AF525 /* LaunchScreen.storyboard in Resources */,
				DA4AB0831F731C120097339F /* XmlHero.podspec in Resources */,
			);
			runOnlyForDeploymentPostprocessing = 0;
		};
/* End PBXResourcesBuildPhase section */

/* Begin PBXSourcesBuildPhase section */
		DA4AB0641F731BEA0097339F /* Sources */ = {
			isa = PBXSourcesBuildPhase;
			buildActionMask = 2147483647;
			files = (
				DAF9760F1F7350BC004AF525 /* AppDelegate.swift in Sources */,
				DAF976111F7350F5004AF525 /* Controller.swift in Sources */,
			);
			runOnlyForDeploymentPostprocessing = 0;
		};
/* End PBXSourcesBuildPhase section */

/* Begin XCBuildConfiguration section */
		DA4AB0781F731BEA0097339F /* Debug */ = {
			isa = XCBuildConfiguration;
			buildSettings = {
				ALWAYS_SEARCH_USER_PATHS = NO;
				CLANG_ANALYZER_NONNULL = YES;
				CLANG_ANALYZER_NUMBER_OBJECT_CONVERSION = YES_AGGRESSIVE;
				CLANG_CXX_LANGUAGE_STANDARD = "gnu++14";
				CLANG_CXX_LIBRARY = "libc++";
				CLANG_ENABLE_MODULES = NO;
				CLANG_ENABLE_OBJC_ARC = YES;
				CLANG_WARN_BLOCK_CAPTURE_AUTORELEASING = YES;
				CLANG_WARN_BOOL_CONVERSION = YES;
				CLANG_WARN_COMMA = YES;
				CLANG_WARN_CONSTANT_CONVERSION = YES;
				CLANG_WARN_DIRECT_OBJC_ISA_USAGE = YES_ERROR;
				CLANG_WARN_DOCUMENTATION_COMMENTS = YES;
				CLANG_WARN_EMPTY_BODY = YES;
				CLANG_WARN_ENUM_CONVERSION = YES;
				CLANG_WARN_INFINITE_RECURSION = YES;
				CLANG_WARN_INT_CONVERSION = YES;
				CLANG_WARN_NON_LITERAL_NULL_CONVERSION = YES;
				CLANG_WARN_OBJC_LITERAL_CONVERSION = YES;
				CLANG_WARN_OBJC_ROOT_CLASS = YES_ERROR;
				CLANG_WARN_RANGE_LOOP_ANALYSIS = YES;
				CLANG_WARN_STRICT_PROTOTYPES = YES;
				CLANG_WARN_SUSPICIOUS_MOVE = YES;
				CLANG_WARN_UNGUARDED_AVAILABILITY = YES_AGGRESSIVE;
				CLANG_WARN_UNREACHABLE_CODE = YES;
				CLANG_WARN__DUPLICATE_METHOD_MATCH = YES;
				CODE_SIGN_IDENTITY = "iPhone Developer";
				COPY_PHASE_STRIP = NO;
				DEBUG_INFORMATION_FORMAT = dwarf;
				ENABLE_STRICT_OBJC_MSGSEND = YES;
				ENABLE_TESTABILITY = YES;
				GCC_C_LANGUAGE_STANDARD = gnu11;
				GCC_DYNAMIC_NO_PIC = NO;
				GCC_NO_COMMON_BLOCKS = YES;
				GCC_OPTIMIZATION_LEVEL = 0;
				GCC_PREPROCESSOR_DEFINITIONS = (
					"DEBUG=1",
					"$(inherited)",
				);
				GCC_WARN_64_TO_32_BIT_CONVERSION = YES;
				GCC_WARN_ABOUT_RETURN_TYPE = YES_ERROR;
				GCC_WARN_UNDECLARED_SELECTOR = YES;
				GCC_WARN_UNINITIALIZED_AUTOS = YES_AGGRESSIVE;
				GCC_WARN_UNUSED_FUNCTION = YES;
				GCC_WARN_UNUSED_VARIABLE = YES;
				IPHONEOS_DEPLOYMENT_TARGET = 9.0;
				MTL_ENABLE_DEBUG_INFO = YES;
				ONLY_ACTIVE_ARCH = YES;
				SDKROOT = iphoneos;
				SWIFT_ACTIVE_COMPILATION_CONDITIONS = DEBUG;
				SWIFT_OPTIMIZATION_LEVEL = "-Onone";
			};
			name = Debug;
		};
		DA4AB0791F731BEA0097339F /* Release */ = {
			isa = XCBuildConfiguration;
			buildSettings = {
				ALWAYS_SEARCH_USER_PATHS = NO;
				CLANG_ANALYZER_NONNULL = YES;
				CLANG_ANALYZER_NUMBER_OBJECT_CONVERSION = YES_AGGRESSIVE;
				CLANG_CXX_LANGUAGE_STANDARD = "gnu++14";
				CLANG_CXX_LIBRARY = "libc++";
				CLANG_ENABLE_MODULES = NO;
				CLANG_ENABLE_OBJC_ARC = YES;
				CLANG_WARN_BLOCK_CAPTURE_AUTORELEASING = YES;
				CLANG_WARN_BOOL_CONVERSION = YES;
				CLANG_WARN_COMMA = YES;
				CLANG_WARN_CONSTANT_CONVERSION = YES;
				CLANG_WARN_DIRECT_OBJC_ISA_USAGE = YES_ERROR;
				CLANG_WARN_DOCUMENTATION_COMMENTS = YES;
				CLANG_WARN_EMPTY_BODY = YES;
				CLANG_WARN_ENUM_CONVERSION = YES;
				CLANG_WARN_INFINITE_RECURSION = YES;
				CLANG_WARN_INT_CONVERSION = YES;
				CLANG_WARN_NON_LITERAL_NULL_CONVERSION = YES;
				CLANG_WARN_OBJC_LITERAL_CONVERSION = YES;
				CLANG_WARN_OBJC_ROOT_CLASS = YES_ERROR;
				CLANG_WARN_RANGE_LOOP_ANALYSIS = YES;
				CLANG_WARN_STRICT_PROTOTYPES = YES;
				CLANG_WARN_SUSPICIOUS_MOVE = YES;
				CLANG_WARN_UNGUARDED_AVAILABILITY = YES_AGGRESSIVE;
				CLANG_WARN_UNREACHABLE_CODE = YES;
				CLANG_WARN__DUPLICATE_METHOD_MATCH = YES;
				CODE_SIGN_IDENTITY = "iPhone Developer";
				COPY_PHASE_STRIP = NO;
				DEBUG_INFORMATION_FORMAT = "dwarf-with-dsym";
				ENABLE_NS_ASSERTIONS = NO;
				ENABLE_STRICT_OBJC_MSGSEND = YES;
				GCC_C_LANGUAGE_STANDARD = gnu11;
				GCC_NO_COMMON_BLOCKS = YES;
				GCC_WARN_64_TO_32_BIT_CONVERSION = YES;
				GCC_WARN_ABOUT_RETURN_TYPE = YES_ERROR;
				GCC_WARN_UNDECLARED_SELECTOR = YES;
				GCC_WARN_UNINITIALIZED_AUTOS = YES_AGGRESSIVE;
				GCC_WARN_UNUSED_FUNCTION = YES;
				GCC_WARN_UNUSED_VARIABLE = YES;
				IPHONEOS_DEPLOYMENT_TARGET = 9.0;
				MTL_ENABLE_DEBUG_INFO = NO;
				SDKROOT = iphoneos;
				SWIFT_OPTIMIZATION_LEVEL = "-Owholemodule";
				VALIDATE_PRODUCT = YES;
			};
			name = Release;
		};
		DA4AB07B1F731BEA0097339F /* Debug */ = {
			isa = XCBuildConfiguration;
			buildSettings = {
				CLANG_ENABLE_MODULES = YES;
				CODE_SIGN_STYLE = Automatic;
				DEVELOPMENT_TEAM = 7AMWG3RLHN;
				INFOPLIST_FILE = "$(SRCROOT)/Info.plist";
				LD_RUNPATH_SEARCH_PATHS = "$(inherited) @executable_path/Frameworks";
				PRODUCT_BUNDLE_IDENTIFIER = iturbide.XmlHero;
				PRODUCT_NAME = "$(TARGET_NAME)";
				SWIFT_OPTIMIZATION_LEVEL = "-Onone";
				SWIFT_VERSION = 4.0;
				TARGETED_DEVICE_FAMILY = "1,2";
			};
			name = Debug;
		};
		DA4AB07C1F731BEA0097339F /* Release */ = {
			isa = XCBuildConfiguration;
			buildSettings = {
				CLANG_ENABLE_MODULES = YES;
				CODE_SIGN_STYLE = Automatic;
				DEVELOPMENT_TEAM = 7AMWG3RLHN;
				INFOPLIST_FILE = "$(SRCROOT)/Info.plist";
				LD_RUNPATH_SEARCH_PATHS = "$(inherited) @executable_path/Frameworks";
				PRODUCT_BUNDLE_IDENTIFIER = iturbide.XmlHero;
				PRODUCT_NAME = "$(TARGET_NAME)";
				SWIFT_VERSION = 4.0;
				TARGETED_DEVICE_FAMILY = "1,2";
			};
			name = Release;
		};
/* End XCBuildConfiguration section */

/* Begin XCConfigurationList section */
		DA4AB0631F731BEA0097339F /* Build configuration list for PBXProject "XmlHero" */ = {
			isa = XCConfigurationList;
			buildConfigurations = (
				DA4AB0781F731BEA0097339F /* Debug */,
				DA4AB0791F731BEA0097339F /* Release */,
			);
			defaultConfigurationIsVisible = 0;
			defaultConfigurationName = Release;
		};
		DA4AB07A1F731BEA0097339F /* Build configuration list for PBXNativeTarget "XmlHero" */ = {
			isa = XCConfigurationList;
			buildConfigurations = (
				DA4AB07B1F731BEA0097339F /* Debug */,
				DA4AB07C1F731BEA0097339F /* Release */,
			);
			defaultConfigurationIsVisible = 0;
			defaultConfigurationName = Release;
		};
/* End XCConfigurationList section */
	};
	rootObject = DA4AB0601F731BEA0097339F /* Project object */;
}
